// !$*UTF8*$!
{
	archiveVersion = 1;
	classes = {
	};
	objectVersion = 50;
	objects = {

/* Begin PBXBuildFile section */
		12AAA8D323CE3504001D55E5 /* AppDelegate.swift in Sources */ = {isa = PBXBuildFile; fileRef = 12AAA8D223CE3504001D55E5 /* AppDelegate.swift */; };
		12AAA8D523CE3504001D55E5 /* SceneDelegate.swift in Sources */ = {isa = PBXBuildFile; fileRef = 12AAA8D423CE3504001D55E5 /* SceneDelegate.swift */; };
		12AAA8D723CE3504001D55E5 /* ContentView.swift in Sources */ = {isa = PBXBuildFile; fileRef = 12AAA8D623CE3504001D55E5 /* ContentView.swift */; };
		12AAA8D923CE350F001D55E5 /* Assets.xcassets in Resources */ = {isa = PBXBuildFile; fileRef = 12AAA8D823CE350F001D55E5 /* Assets.xcassets */; };
		12AAA8DC23CE350F001D55E5 /* Preview Assets.xcassets in Resources */ = {isa = PBXBuildFile; fileRef = 12AAA8DB23CE350F001D55E5 /* Preview Assets.xcassets */; };
		12AAA8DF23CE350F001D55E5 /* LaunchScreen.storyboard in Resources */ = {isa = PBXBuildFile; fileRef = 12AAA8DD23CE350F001D55E5 /* LaunchScreen.storyboard */; };
		12AAA8EA23CE3510001D55E5 /* RemindersTests.swift in Sources */ = {isa = PBXBuildFile; fileRef = 12AAA8E923CE3510001D55E5 /* RemindersTests.swift */; };
		12AAA8F523CE3510001D55E5 /* RemindersUITests.swift in Sources */ = {isa = PBXBuildFile; fileRef = 12AAA8F423CE3510001D55E5 /* RemindersUITests.swift */; };
/* End PBXBuildFile section */

/* Begin PBXContainerItemProxy section */
		12AAA8E623CE3510001D55E5 /* PBXContainerItemProxy */ = {
			isa = PBXContainerItemProxy;
			containerPortal = 12AAA8C723CE3504001D55E5 /* Project object */;
			proxyType = 1;
			remoteGlobalIDString = 12AAA8CE23CE3504001D55E5;
			remoteInfo = Reminders;
		};
		12AAA8F123CE3510001D55E5 /* PBXContainerItemProxy */ = {
			isa = PBXContainerItemProxy;
			containerPortal = 12AAA8C723CE3504001D55E5 /* Project object */;
			proxyType = 1;
			remoteGlobalIDString = 12AAA8CE23CE3504001D55E5;
			remoteInfo = Reminders;
		};
/* End PBXContainerItemProxy section */

/* Begin PBXFileReference section */
		12AAA8CF23CE3504001D55E5 /* Reminders.app */ = {isa = PBXFileReference; explicitFileType = wrapper.application; includeInIndex = 0; path = Reminders.app; sourceTree = BUILT_PRODUCTS_DIR; };
		12AAA8D223CE3504001D55E5 /* AppDelegate.swift */ = {isa = PBXFileReference; lastKnownFileType = sourcecode.swift; path = AppDelegate.swift; sourceTree = "<group>"; };
		12AAA8D423CE3504001D55E5 /* SceneDelegate.swift */ = {isa = PBXFileReference; lastKnownFileType = sourcecode.swift; path = SceneDelegate.swift; sourceTree = "<group>"; };
		12AAA8D623CE3504001D55E5 /* ContentView.swift */ = {isa = PBXFileReference; lastKnownFileType = sourcecode.swift; path = ContentView.swift; sourceTree = "<group>"; };
		12AAA8D823CE350F001D55E5 /* Assets.xcassets */ = {isa = PBXFileReference; lastKnownFileType = folder.assetcatalog; path = Assets.xcassets; sourceTree = "<group>"; };
		12AAA8DB23CE350F001D55E5 /* Preview Assets.xcassets */ = {isa = PBXFileReference; lastKnownFileType = folder.assetcatalog; path = "Preview Assets.xcassets"; sourceTree = "<group>"; };
		12AAA8DE23CE350F001D55E5 /* Base */ = {isa = PBXFileReference; lastKnownFileType = file.storyboard; name = Base; path = Base.lproj/LaunchScreen.storyboard; sourceTree = "<group>"; };
		12AAA8E023CE350F001D55E5 /* Info.plist */ = {isa = PBXFileReference; lastKnownFileType = text.plist.xml; path = Info.plist; sourceTree = "<group>"; };
		12AAA8E523CE3510001D55E5 /* RemindersTests.xctest */ = {isa = PBXFileReference; explicitFileType = wrapper.cfbundle; includeInIndex = 0; path = RemindersTests.xctest; sourceTree = BUILT_PRODUCTS_DIR; };
		12AAA8E923CE3510001D55E5 /* RemindersTests.swift */ = {isa = PBXFileReference; lastKnownFileType = sourcecode.swift; path = RemindersTests.swift; sourceTree = "<group>"; };
		12AAA8EB23CE3510001D55E5 /* Info.plist */ = {isa = PBXFileReference; lastKnownFileType = text.plist.xml; path = Info.plist; sourceTree = "<group>"; };
		12AAA8F023CE3510001D55E5 /* RemindersUITests.xctest */ = {isa = PBXFileReference; explicitFileType = wrapper.cfbundle; includeInIndex = 0; path = RemindersUITests.xctest; sourceTree = BUILT_PRODUCTS_DIR; };
		12AAA8F423CE3510001D55E5 /* RemindersUITests.swift */ = {isa = PBXFileReference; lastKnownFileType = sourcecode.swift; path = RemindersUITests.swift; sourceTree = "<group>"; };
		12AAA8F623CE3510001D55E5 /* Info.plist */ = {isa = PBXFileReference; lastKnownFileType = text.plist.xml; path = Info.plist; sourceTree = "<group>"; };
/* End PBXFileReference section */

/* Begin PBXFrameworksBuildPhase section */
		12AAA8CC23CE3504001D55E5 /* Frameworks */ = {
			isa = PBXFrameworksBuildPhase;
			buildActionMask = 2147483647;
			files = (
			);
			runOnlyForDeploymentPostprocessing = 0;
		};
		12AAA8E223CE3510001D55E5 /* Frameworks */ = {
			isa = PBXFrameworksBuildPhase;
			buildActionMask = 2147483647;
			files = (
			);
			runOnlyForDeploymentPostprocessing = 0;
		};
		12AAA8ED23CE3510001D55E5 /* Frameworks */ = {
			isa = PBXFrameworksBuildPhase;
			buildActionMask = 2147483647;
			files = (
			);
			runOnlyForDeploymentPostprocessing = 0;
		};
/* End PBXFrameworksBuildPhase section */

/* Begin PBXGroup section */
		12AAA8C623CE3504001D55E5 = {
			isa = PBXGroup;
			children = (
				12AAA8D123CE3504001D55E5 /* Reminders */,
				12AAA8E823CE3510001D55E5 /* RemindersTests */,
				12AAA8F323CE3510001D55E5 /* RemindersUITests */,
				12AAA8D023CE3504001D55E5 /* Products */,
			);
			sourceTree = "<group>";
		};
		12AAA8D023CE3504001D55E5 /* Products */ = {
			isa = PBXGroup;
			children = (
				12AAA8CF23CE3504001D55E5 /* Reminders.app */,
				12AAA8E523CE3510001D55E5 /* RemindersTests.xctest */,
				12AAA8F023CE3510001D55E5 /* RemindersUITests.xctest */,
			);
			name = Products;
			sourceTree = "<group>";
		};
		12AAA8D123CE3504001D55E5 /* Reminders */ = {
			isa = PBXGroup;
			children = (
				12AAA8D223CE3504001D55E5 /* AppDelegate.swift */,
				12AAA8D423CE3504001D55E5 /* SceneDelegate.swift */,
				12AAA8D623CE3504001D55E5 /* ContentView.swift */,
				12AAA8D823CE350F001D55E5 /* Assets.xcassets */,
				12AAA8DD23CE350F001D55E5 /* LaunchScreen.storyboard */,
				12AAA8E023CE350F001D55E5 /* Info.plist */,
				12AAA8DA23CE350F001D55E5 /* Preview Content */,
			);
			path = Reminders;
			sourceTree = "<group>";
		};
		12AAA8DA23CE350F001D55E5 /* Preview Content */ = {
			isa = PBXGroup;
			children = (
				12AAA8DB23CE350F001D55E5 /* Preview Assets.xcassets */,
			);
			path = "Preview Content";
			sourceTree = "<group>";
		};
		12AAA8E823CE3510001D55E5 /* RemindersTests */ = {
			isa = PBXGroup;
			children = (
				12AAA8E923CE3510001D55E5 /* RemindersTests.swift */,
				12AAA8EB23CE3510001D55E5 /* Info.plist */,
			);
			path = RemindersTests;
			sourceTree = "<group>";
		};
		12AAA8F323CE3510001D55E5 /* RemindersUITests */ = {
			isa = PBXGroup;
			children = (
				12AAA8F423CE3510001D55E5 /* RemindersUITests.swift */,
				12AAA8F623CE3510001D55E5 /* Info.plist */,
			);
			path = RemindersUITests;
			sourceTree = "<group>";
		};
/* End PBXGroup section */

/* Begin PBXNativeTarget section */
		12AAA8CE23CE3504001D55E5 /* Reminders */ = {
			isa = PBXNativeTarget;
			buildConfigurationList = 12AAA8F923CE3510001D55E5 /* Build configuration list for PBXNativeTarget "Reminders" */;
			buildPhases = (
				12AAA8CB23CE3504001D55E5 /* Sources */,
				12AAA8CC23CE3504001D55E5 /* Frameworks */,
				12AAA8CD23CE3504001D55E5 /* Resources */,
			);
			buildRules = (
			);
			dependencies = (
			);
			name = Reminders;
			productName = Reminders;
			productReference = 12AAA8CF23CE3504001D55E5 /* Reminders.app */;
			productType = "com.apple.product-type.application";
		};
		12AAA8E423CE3510001D55E5 /* RemindersTests */ = {
			isa = PBXNativeTarget;
			buildConfigurationList = 12AAA8FC23CE3510001D55E5 /* Build configuration list for PBXNativeTarget "RemindersTests" */;
			buildPhases = (
				12AAA8E123CE3510001D55E5 /* Sources */,
				12AAA8E223CE3510001D55E5 /* Frameworks */,
				12AAA8E323CE3510001D55E5 /* Resources */,
			);
			buildRules = (
			);
			dependencies = (
				12AAA8E723CE3510001D55E5 /* PBXTargetDependency */,
			);
			name = RemindersTests;
			productName = RemindersTests;
			productReference = 12AAA8E523CE3510001D55E5 /* RemindersTests.xctest */;
			productType = "com.apple.product-type.bundle.unit-test";
		};
		12AAA8EF23CE3510001D55E5 /* RemindersUITests */ = {
			isa = PBXNativeTarget;
			buildConfigurationList = 12AAA8FF23CE3510001D55E5 /* Build configuration list for PBXNativeTarget "RemindersUITests" */;
			buildPhases = (
				12AAA8EC23CE3510001D55E5 /* Sources */,
				12AAA8ED23CE3510001D55E5 /* Frameworks */,
				12AAA8EE23CE3510001D55E5 /* Resources */,
			);
			buildRules = (
			);
			dependencies = (
				12AAA8F223CE3510001D55E5 /* PBXTargetDependency */,
			);
			name = RemindersUITests;
			productName = RemindersUITests;
			productReference = 12AAA8F023CE3510001D55E5 /* RemindersUITests.xctest */;
			productType = "com.apple.product-type.bundle.ui-testing";
		};
/* End PBXNativeTarget section */

/* Begin PBXProject section */
		12AAA8C723CE3504001D55E5 /* Project object */ = {
			isa = PBXProject;
			attributes = {
				LastSwiftUpdateCheck = 1120;
				LastUpgradeCheck = 1120;
				ORGANIZATIONNAME = "Avery Ransom";
				TargetAttributes = {
					12AAA8CE23CE3504001D55E5 = {
						CreatedOnToolsVersion = 11.2.1;
					};
					12AAA8E423CE3510001D55E5 = {
						CreatedOnToolsVersion = 11.2.1;
						TestTargetID = 12AAA8CE23CE3504001D55E5;
					};
					12AAA8EF23CE3510001D55E5 = {
						CreatedOnToolsVersion = 11.2.1;
						TestTargetID = 12AAA8CE23CE3504001D55E5;
					};
				};
			};
			buildConfigurationList = 12AAA8CA23CE3504001D55E5 /* Build configuration list for PBXProject "Reminders" */;
			compatibilityVersion = "Xcode 9.3";
			developmentRegion = en;
			hasScannedForEncodings = 0;
			knownRegions = (
				en,
				Base,
			);
			mainGroup = 12AAA8C623CE3504001D55E5;
			productRefGroup = 12AAA8D023CE3504001D55E5 /* Products */;
			projectDirPath = "";
			projectRoot = "";
			targets = (
				12AAA8CE23CE3504001D55E5 /* Reminders */,
				12AAA8E423CE3510001D55E5 /* RemindersTests */,
				12AAA8EF23CE3510001D55E5 /* RemindersUITests */,
			);
		};
/* End PBXProject section */

/* Begin PBXResourcesBuildPhase section */
		12AAA8CD23CE3504001D55E5 /* Resources */ = {
			isa = PBXResourcesBuildPhase;
			buildActionMask = 2147483647;
			files = (
				12AAA8DF23CE350F001D55E5 /* LaunchScreen.storyboard in Resources */,
				12AAA8DC23CE350F001D55E5 /* Preview Assets.xcassets in Resources */,
				12AAA8D923CE350F001D55E5 /* Assets.xcassets in Resources */,
			);
			runOnlyForDeploymentPostprocessing = 0;
		};
		12AAA8E323CE3510001D55E5 /* Resources */ = {
			isa = PBXResourcesBuildPhase;
			buildActionMask = 2147483647;
			files = (
			);
			runOnlyForDeploymentPostprocessing = 0;
		};
		12AAA8EE23CE3510001D55E5 /* Resources */ = {
			isa = PBXResourcesBuildPhase;
			buildActionMask = 2147483647;
			files = (
			);
			runOnlyForDeploymentPostprocessing = 0;
		};
/* End PBXResourcesBuildPhase section */

/* Begin PBXSourcesBuildPhase section */
		12AAA8CB23CE3504001D55E5 /* Sources */ = {
			isa = PBXSourcesBuildPhase;
			buildActionMask = 2147483647;
			files = (
				12AAA8D323CE3504001D55E5 /* AppDelegate.swift in Sources */,
				12AAA8D523CE3504001D55E5 /* SceneDelegate.swift in Sources */,
				12AAA8D723CE3504001D55E5 /* ContentView.swift in Sources */,
			);
			runOnlyForDeploymentPostprocessing = 0;
		};
		12AAA8E123CE3510001D55E5 /* Sources */ = {
			isa = PBXSourcesBuildPhase;
			buildActionMask = 2147483647;
			files = (
				12AAA8EA23CE3510001D55E5 /* RemindersTests.swift in Sources */,
			);
			runOnlyForDeploymentPostprocessing = 0;
		};
		12AAA8EC23CE3510001D55E5 /* Sources */ = {
			isa = PBXSourcesBuildPhase;
			buildActionMask = 2147483647;
			files = (
				12AAA8F523CE3510001D55E5 /* RemindersUITests.swift in Sources */,
			);
			runOnlyForDeploymentPostprocessing = 0;
		};
/* End PBXSourcesBuildPhase section */

/* Begin PBXTargetDependency section */
		12AAA8E723CE3510001D55E5 /* PBXTargetDependency */ = {
			isa = PBXTargetDependency;
			target = 12AAA8CE23CE3504001D55E5 /* Reminders */;
			targetProxy = 12AAA8E623CE3510001D55E5 /* PBXContainerItemProxy */;
		};
		12AAA8F223CE3510001D55E5 /* PBXTargetDependency */ = {
			isa = PBXTargetDependency;
			target = 12AAA8CE23CE3504001D55E5 /* Reminders */;
			targetProxy = 12AAA8F123CE3510001D55E5 /* PBXContainerItemProxy */;
		};
/* End PBXTargetDependency section */

/* Begin PBXVariantGroup section */
		12AAA8DD23CE350F001D55E5 /* LaunchScreen.storyboard */ = {
			isa = PBXVariantGroup;
			children = (
				12AAA8DE23CE350F001D55E5 /* Base */,
			);
			name = LaunchScreen.storyboard;
			sourceTree = "<group>";
		};
/* End PBXVariantGroup section */

/* Begin XCBuildConfiguration section */
		12AAA8F723CE3510001D55E5 /* Debug */ = {
			isa = XCBuildConfiguration;
			buildSettings = {
				ALWAYS_SEARCH_USER_PATHS = NO;
				CLANG_ANALYZER_NONNULL = YES;
				CLANG_ANALYZER_NUMBER_OBJECT_CONVERSION = YES_AGGRESSIVE;
				CLANG_CXX_LANGUAGE_STANDARD = "gnu++14";
				CLANG_CXX_LIBRARY = "libc++";
				CLANG_ENABLE_MODULES = YES;
				CLANG_ENABLE_OBJC_ARC = YES;
				CLANG_ENABLE_OBJC_WEAK = YES;
				CLANG_WARN_BLOCK_CAPTURE_AUTORELEASING = YES;
				CLANG_WARN_BOOL_CONVERSION = YES;
				CLANG_WARN_COMMA = YES;
				CLANG_WARN_CONSTANT_CONVERSION = YES;
				CLANG_WARN_DEPRECATED_OBJC_IMPLEMENTATIONS = YES;
				CLANG_WARN_DIRECT_OBJC_ISA_USAGE = YES_ERROR;
				CLANG_WARN_DOCUMENTATION_COMMENTS = YES;
				CLANG_WARN_EMPTY_BODY = YES;
				CLANG_WARN_ENUM_CONVERSION = YES;
				CLANG_WARN_INFINITE_RECURSION = YES;
				CLANG_WARN_INT_CONVERSION = YES;
				CLANG_WARN_NON_LITERAL_NULL_CONVERSION = YES;
				CLANG_WARN_OBJC_IMPLICIT_RETAIN_SELF = YES;
				CLANG_WARN_OBJC_LITERAL_CONVERSION = YES;
				CLANG_WARN_OBJC_ROOT_CLASS = YES_ERROR;
				CLANG_WARN_RANGE_LOOP_ANALYSIS = YES;
				CLANG_WARN_STRICT_PROTOTYPES = YES;
				CLANG_WARN_SUSPICIOUS_MOVE = YES;
				CLANG_WARN_UNGUARDED_AVAILABILITY = YES_AGGRESSIVE;
				CLANG_WARN_UNREACHABLE_CODE = YES;
				CLANG_WARN__DUPLICATE_METHOD_MATCH = YES;
				COPY_PHASE_STRIP = NO;
				DEBUG_INFORMATION_FORMAT = dwarf;
				ENABLE_STRICT_OBJC_MSGSEND = YES;
				ENABLE_TESTABILITY = YES;
				GCC_C_LANGUAGE_STANDARD = gnu11;
				GCC_DYNAMIC_NO_PIC = NO;
				GCC_NO_COMMON_BLOCKS = YES;
				GCC_OPTIMIZATION_LEVEL = 0;
				GCC_PREPROCESSOR_DEFINITIONS = (
					"DEBUG=1",
					"$(inherited)",
				);
				GCC_WARN_64_TO_32_BIT_CONVERSION = YES;
				GCC_WARN_ABOUT_RETURN_TYPE = YES_ERROR;
				GCC_WARN_UNDECLARED_SELECTOR = YES;
				GCC_WARN_UNINITIALIZED_AUTOS = YES_AGGRESSIVE;
				GCC_WARN_UNUSED_FUNCTION = YES;
				GCC_WARN_UNUSED_VARIABLE = YES;
				IPHONEOS_DEPLOYMENT_TARGET = 13.2;
				MTL_ENABLE_DEBUG_INFO = INCLUDE_SOURCE;
				MTL_FAST_MATH = YES;
				ONLY_ACTIVE_ARCH = YES;
				SDKROOT = iphoneos;
				SWIFT_ACTIVE_COMPILATION_CONDITIONS = DEBUG;
				SWIFT_OPTIMIZATION_LEVEL = "-Onone";
			};
			name = Debug;
		};
		12AAA8F823CE3510001D55E5 /* Release */ = {
			isa = XCBuildConfiguration;
			buildSettings = {
				ALWAYS_SEARCH_USER_PATHS = NO;
				CLANG_ANALYZER_NONNULL = YES;
				CLANG_ANALYZER_NUMBER_OBJECT_CONVERSION = YES_AGGRESSIVE;
				CLANG_CXX_LANGUAGE_STANDARD = "gnu++14";
				CLANG_CXX_LIBRARY = "libc++";
				CLANG_ENABLE_MODULES = YES;
				CLANG_ENABLE_OBJC_ARC = YES;
				CLANG_ENABLE_OBJC_WEAK = YES;
				CLANG_WARN_BLOCK_CAPTURE_AUTORELEASING = YES;
				CLANG_WARN_BOOL_CONVERSION = YES;
				CLANG_WARN_COMMA = YES;
				CLANG_WARN_CONSTANT_CONVERSION = YES;
				CLANG_WARN_DEPRECATED_OBJC_IMPLEMENTATIONS = YES;
				CLANG_WARN_DIRECT_OBJC_ISA_USAGE = YES_ERROR;
				CLANG_WARN_DOCUMENTATION_COMMENTS = YES;
				CLANG_WARN_EMPTY_BODY = YES;
				CLANG_WARN_ENUM_CONVERSION = YES;
				CLANG_WARN_INFINITE_RECURSION = YES;
				CLANG_WARN_INT_CONVERSION = YES;
				CLANG_WARN_NON_LITERAL_NULL_CONVERSION = YES;
				CLANG_WARN_OBJC_IMPLICIT_RETAIN_SELF = YES;
				CLANG_WARN_OBJC_LITERAL_CONVERSION = YES;
				CLANG_WARN_OBJC_ROOT_CLASS = YES_ERROR;
				CLANG_WARN_RANGE_LOOP_ANALYSIS = YES;
				CLANG_WARN_STRICT_PROTOTYPES = YES;
				CLANG_WARN_SUSPICIOUS_MOVE = YES;
				CLANG_WARN_UNGUARDED_AVAILABILITY = YES_AGGRESSIVE;
				CLANG_WARN_UNREACHABLE_CODE = YES;
				CLANG_WARN__DUPLICATE_METHOD_MATCH = YES;
				COPY_PHASE_STRIP = NO;
				DEBUG_INFORMATION_FORMAT = "dwarf-with-dsym";
				ENABLE_NS_ASSERTIONS = NO;
				ENABLE_STRICT_OBJC_MSGSEND = YES;
				GCC_C_LANGUAGE_STANDARD = gnu11;
				GCC_NO_COMMON_BLOCKS = YES;
				GCC_WARN_64_TO_32_BIT_CONVERSION = YES;
				GCC_WARN_ABOUT_RETURN_TYPE = YES_ERROR;
				GCC_WARN_UNDECLARED_SELECTOR = YES;
				GCC_WARN_UNINITIALIZED_AUTOS = YES_AGGRESSIVE;
				GCC_WARN_UNUSED_FUNCTION = YES;
				GCC_WARN_UNUSED_VARIABLE = YES;
				IPHONEOS_DEPLOYMENT_TARGET = 13.2;
				MTL_ENABLE_DEBUG_INFO = NO;
				MTL_FAST_MATH = YES;
				SDKROOT = iphoneos;
				SWIFT_COMPILATION_MODE = wholemodule;
				SWIFT_OPTIMIZATION_LEVEL = "-O";
				VALIDATE_PRODUCT = YES;
			};
			name = Release;
		};
		12AAA8FA23CE3510001D55E5 /* Debug */ = {
			isa = XCBuildConfiguration;
			buildSettings = {
				ASSETCATALOG_COMPILER_APPICON_NAME = AppIcon;
				CODE_SIGN_STYLE = Automatic;
				DEVELOPMENT_ASSET_PATHS = "\"Reminders/Preview Content\"";
				DEVELOPMENT_TEAM = N582TJ9X3R;
				ENABLE_PREVIEWS = YES;
				INFOPLIST_FILE = Reminders/Info.plist;
				LD_RUNPATH_SEARCH_PATHS = (
					"$(inherited)",
					"@executable_path/Frameworks",
				);
				PRODUCT_BUNDLE_IDENTIFIER = org.cate.cs.ar.Reminders;
				PRODUCT_NAME = "$(TARGET_NAME)";
				SWIFT_VERSION = 5.0;
				TARGETED_DEVICE_FAMILY = "1,2";
			};
			name = Debug;
		};
		12AAA8FB23CE3510001D55E5 /* Release */ = {
			isa = XCBuildConfiguration;
			buildSettings = {
				ASSETCATALOG_COMPILER_APPICON_NAME = AppIcon;
				CODE_SIGN_STYLE = Automatic;
				DEVELOPMENT_ASSET_PATHS = "\"Reminders/Preview Content\"";
				DEVELOPMENT_TEAM = N582TJ9X3R;
				ENABLE_PREVIEWS = YES;
				INFOPLIST_FILE = Reminders/Info.plist;
				LD_RUNPATH_SEARCH_PATHS = (
					"$(inherited)",
					"@executable_path/Frameworks",
				);
				PRODUCT_BUNDLE_IDENTIFIER = org.cate.cs.ar.Reminders;
				PRODUCT_NAME = "$(TARGET_NAME)";
				SWIFT_VERSION = 5.0;
				TARGETED_DEVICE_FAMILY = "1,2";
			};
			name = Release;
		};
		12AAA8FD23CE3510001D55E5 /* Debug */ = {
			isa = XCBuildConfiguration;
			buildSettings = {
				ALWAYS_EMBED_SWIFT_STANDARD_LIBRARIES = YES;
				BUNDLE_LOADER = "$(TEST_HOST)";
				CODE_SIGN_STYLE = Automatic;
				DEVELOPMENT_TEAM = N582TJ9X3R;
				INFOPLIST_FILE = RemindersTests/Info.plist;
				IPHONEOS_DEPLOYMENT_TARGET = 13.2;
				LD_RUNPATH_SEARCH_PATHS = (
					"$(inherited)",
					"@executable_path/Frameworks",
					"@loader_path/Frameworks",
				);
				PRODUCT_BUNDLE_IDENTIFIER = org.cate.cs.ar.RemindersTests;
				PRODUCT_NAME = "$(TARGET_NAME)";
				SWIFT_VERSION = 5.0;
				TARGETED_DEVICE_FAMILY = "1,2";
				TEST_HOST = "$(BUILT_PRODUCTS_DIR)/Reminders.app/Reminders";
			};
			name = Debug;
		};
		12AAA8FE23CE3510001D55E5 /* Release */ = {
			isa = XCBuildConfiguration;
			buildSettings = {
				ALWAYS_EMBED_SWIFT_STANDARD_LIBRARIES = YES;
				BUNDLE_LOADER = "$(TEST_HOST)";
				CODE_SIGN_STYLE = Automatic;
				DEVELOPMENT_TEAM = N582TJ9X3R;
				INFOPLIST_FILE = RemindersTests/Info.plist;
				IPHONEOS_DEPLOYMENT_TARGET = 13.2;
				LD_RUNPATH_SEARCH_PATHS = (
					"$(inherited)",
					"@executable_path/Frameworks",
					"@loader_path/Frameworks",
				);
				PRODUCT_BUNDLE_IDENTIFIER = org.cate.cs.ar.RemindersTests;
				PRODUCT_NAME = "$(TARGET_NAME)";
				SWIFT_VERSION = 5.0;
				TARGETED_DEVICE_FAMILY = "1,2";
				TEST_HOST = "$(BUILT_PRODUCTS_DIR)/Reminders.app/Reminders";
			};
			name = Release;
		};
		12AAA90023CE3510001D55E5 /* Debug */ = {
			isa = XCBuildConfiguration;
			buildSettings = {
				ALWAYS_EMBED_SWIFT_STANDARD_LIBRARIES = YES;
				CODE_SIGN_STYLE = Automatic;
				DEVELOPMENT_TEAM = N582TJ9X3R;
				INFOPLIST_FILE = RemindersUITests/Info.plist;
				LD_RUNPATH_SEARCH_PATHS = (
					"$(inherited)",
					"@executable_path/Frameworks",
					"@loader_path/Frameworks",
				);
				PRODUCT_BUNDLE_IDENTIFIER = org.cate.cs.ar.RemindersUITests;
				PRODUCT_NAME = "$(TARGET_NAME)";
				SWIFT_VERSION = 5.0;
				TARGETED_DEVICE_FAMILY = "1,2";
				TEST_TARGET_NAME = Reminders;
			};
			name = Debug;
		};
		12AAA90123CE3510001D55E5 /* Release */ = {
			isa = XCBuildConfiguration;
			buildSettings = {
				ALWAYS_EMBED_SWIFT_STANDARD_LIBRARIES = YES;
				CODE_SIGN_STYLE = Automatic;
				DEVELOPMENT_TEAM = N582TJ9X3R;
				INFOPLIST_FILE = RemindersUITests/Info.plist;
				LD_RUNPATH_SEARCH_PATHS = (
					"$(inherited)",
					"@executable_path/Frameworks",
					"@loader_path/Frameworks",
				);
				PRODUCT_BUNDLE_IDENTIFIER = org.cate.cs.ar.RemindersUITests;
				PRODUCT_NAME = "$(TARGET_NAME)";
				SWIFT_VERSION = 5.0;
				TARGETED_DEVICE_FAMILY = "1,2";
				TEST_TARGET_NAME = Reminders;
			};
			name = Release;
		};
/* End XCBuildConfiguration section */

/* Begin XCConfigurationList section */
		12AAA8CA23CE3504001D55E5 /* Build configuration list for PBXProject "Reminders" */ = {
			isa = XCConfigurationList;
			buildConfigurations = (
				12AAA8F723CE3510001D55E5 /* Debug */,
				12AAA8F823CE3510001D55E5 /* Release */,
			);
			defaultConfigurationIsVisible = 0;
			defaultConfigurationName = Release;
		};
		12AAA8F923CE3510001D55E5 /* Build configuration list for PBXNativeTarget "Reminders" */ = {
			isa = XCConfigurationList;
			buildConfigurations = (
				12AAA8FA23CE3510001D55E5 /* Debug */,
				12AAA8FB23CE3510001D55E5 /* Release */,
			);
			defaultConfigurationIsVisible = 0;
			defaultConfigurationName = Release;
		};
		12AAA8FC23CE3510001D55E5 /* Build configuration list for PBXNativeTarget "RemindersTests" */ = {
			isa = XCConfigurationList;
			buildConfigurations = (
				12AAA8FD23CE3510001D55E5 /* Debug */,
				12AAA8FE23CE3510001D55E5 /* Release */,
			);
			defaultConfigurationIsVisible = 0;
			defaultConfigurationName = Release;
		};
		12AAA8FF23CE3510001D55E5 /* Build configuration list for PBXNativeTarget "RemindersUITests" */ = {
			isa = XCConfigurationList;
			buildConfigurations = (
				12AAA90023CE3510001D55E5 /* Debug */,
				12AAA90123CE3510001D55E5 /* Release */,
			);
			defaultConfigurationIsVisible = 0;
			defaultConfigurationName = Release;
		};
/* End XCConfigurationList section */
	};
	rootObject = 12AAA8C723CE3504001D55E5 /* Project object */;
}
